# @generated - this file is auto-generated by `mise lock` https://mise.en.dev/dev-tools/mise-lock.html

[[tools."aqua:FiloSottile/age"]]
version = "1.3.1"
backend = "aqua:FiloSottile/age"

[tools."aqua:FiloSottile/age"."platforms.linux-arm64"]
checksum = "sha256:c6878a324421b69e3e20b00ba17c04bc5c6dab0030cfe55bf8f68fa8d9e9093a"
url = "https://github.com/FiloSottile/age/releases/download/v1.3.1/age-v1.3.1-linux-arm64.tar.gz"
provenance = "github-attestations"

[tools."aqua:FiloSottile/age"."platforms.linux-arm64-musl"]
checksum = "sha256:c6878a324421b69e3e20b00ba17c04bc5c6dab0030cfe55bf8f68fa8d9e9093a"
url = "https://github.com/FiloSottile/age/releases/download/v1.3.1/age-v1.3.1-linux-arm64.tar.gz"
provenance = "github-attestations"

[tools."aqua:FiloSottile/age"."platforms.linux-x64"]
checksum = "sha256:bdc69c09cbdd6cf8b1f333d372a1f58247b3a33146406333e30c0f26e8f51377"
url = "https://github.com/FiloSottile/age/releases/download/v1.3.1/age-v1.3.1-linux-amd64.tar.gz"
provenance = "github-attestations"

[tools."aqua:FiloSottile/age"."platforms.linux-x64-musl"]
checksum = "sha256:bdc69c09cbdd6cf8b1f333d372a1f58247b3a33146406333e30c0f26e8f51377"
url = "https://github.com/FiloSottile/age/releases/download/v1.3.1/age-v1.3.1-linux-amd64.tar.gz"
provenance = "github-attestations"

[tools."aqua:FiloSottile/age"."platforms.macos-arm64"]
checksum = "sha256:01120ea2cbf0463d4c6bd767f99f3271bbed1cdc8a9aa718a76ba1fe4f01998b"
url = "https://github.com/FiloSottile/age/releases/download/v1.3.1/age-v1.3.1-darwin-arm64.tar.gz"
provenance = "github-attestations"

[tools."aqua:FiloSottile/age"."platforms.macos-x64"]
checksum = "sha256:2b233301ad21ab7b1eabd9ae1198a164005fa4928fcdd745d47c39f8593209d7"
url = "https://github.com/FiloSottile/age/releases/download/v1.3.1/age-v1.3.1-darwin-amd64.tar.gz"
provenance = "github-attestations"

[tools."aqua:FiloSottile/age"."platforms.windows-x64"]
checksum = "sha256:c56e8ce22f7e80cb85ad946cc82d198767b056366201d3e1a2b93d865be38154"
url = "https://github.com/FiloSottile/age/releases/download/v1.3.1/age-v1.3.1-windows-amd64.zip"
provenance = "github-attestations"

[[tools."aqua:budimanjojo/talhelper"]]
version = "3.1.9"
backend = "aqua:budimanjojo/talhelper"

[tools."aqua:budimanjojo/talhelper"."platforms.linux-arm64"]
checksum = "sha256:d19564941c04d819e292ca2b3cd5991d0b266c5db2acd94a9841c2d4e5ddeec9"
url = "https://github.com/budimanjojo/talhelper/releases/download/v3.1.9/talhelper_linux_arm64.tar.gz"

[tools."aqua:budimanjojo/talhelper"."platforms.linux-arm64-musl"]
checksum = "sha256:d19564941c04d819e292ca2b3cd5991d0b266c5db2acd94a9841c2d4e5ddeec9"
url = "https://github.com/budimanjojo/talhelper/releases/download/v3.1.9/talhelper_linux_arm64.tar.gz"

[tools."aqua:budimanjojo/talhelper"."platforms.linux-x64"]
checksum = "sha256:aa648335842fa09ef59787be9a92af96cdfc53f5baea97783af0eef92909f3f7"
url = "https://github.com/budimanjojo/talhelper/releases/download/v3.1.9/talhelper_linux_amd64.tar.gz"

[tools."aqua:budimanjojo/talhelper"."platforms.linux-x64-musl"]
checksum = "sha256:aa648335842fa09ef59787be9a92af96cdfc53f5baea97783af0eef92909f3f7"
url = "https://github.com/budimanjojo/talhelper/releases/download/v3.1.9/talhelper_linux_amd64.tar.gz"

[tools."aqua:budimanjojo/talhelper"."platforms.macos-arm64"]
checksum = "sha256:130bf95b8d899912a49beaf13324a6701d720d6d74af2065751416eda4fd42cf"
url = "https://github.com/budimanjojo/talhelper/releases/download/v3.1.9/talhelper_darwin_arm64.tar.gz"

[tools."aqua:budimanjojo/talhelper"."platforms.macos-x64"]
checksum = "sha256:194f56c2aaee845ce4774933971c901a61a7b7da72a291afe5924782ea97287c"
url = "https://github.com/budimanjojo/talhelper/releases/download/v3.1.9/talhelper_darwin_amd64.tar.gz"

[tools."aqua:budimanjojo/talhelper"."platforms.windows-x64"]
checksum = "sha256:d3142831b91fc97eb02afd63269056d96ec114bc49d909497b6121e6c7135ba9"
url = "https://github.com/budimanjojo/talhelper/releases/download/v3.1.9/talhelper_windows_amd64.tar.gz"

[[tools."aqua:casey/just"]]
version = "1.50.0"
backend = "aqua:casey/just"

[tools."aqua:casey/just"."platforms.linux-arm64"]
checksum = "sha256:3beb4967ce05883cf09ac12d6d128166eb4c6d0b03eff74b61018a6880655d7d"
url = "https://github.com/casey/just/releases/download/1.50.0/just-1.50.0-aarch64-unknown-linux-musl.tar.gz"

[tools."aqua:casey/just"."platforms.linux-arm64-musl"]
checksum = "sha256:3beb4967ce05883cf09ac12d6d128166eb4c6d0b03eff74b61018a6880655d7d"
url = "https://github.com/casey/just/releases/download/1.50.0/just-1.50.0-aarch64-unknown-linux-musl.tar.gz"

[tools."aqua:casey/just"."platforms.linux-x64"]
checksum = "sha256:27e011cd6328fadd632e59233d2cf5f18460b8a8c4269acd324c1a8669f34db0"
url = "https://github.com/casey/just/releases/download/1.50.0/just-1.50.0-x86_64-unknown-linux-musl.tar.gz"

[tools."aqua:casey/just"."platforms.linux-x64-musl"]
checksum = "sha256:27e011cd6328fadd632e59233d2cf5f18460b8a8c4269acd324c1a8669f34db0"
url = "https://github.com/casey/just/releases/download/1.50.0/just-1.50.0-x86_64-unknown-linux-musl.tar.gz"

[tools."aqua:casey/just"."platforms.macos-arm64"]
checksum = "sha256:891262207663bff1aa422dbe799a76deae4064eaa445f14eb28aef7a388222cd"
url = "https://github.com/casey/just/releases/download/1.50.0/just-1.50.0-aarch64-apple-darwin.tar.gz"

[tools."aqua:casey/just"."platforms.macos-x64"]
checksum = "sha256:e4fa28fe63381ca32fad101e86d4a1da7cd2d34d1b080985a37ec9dc951922fe"
url = "https://github.com/casey/just/releases/download/1.50.0/just-1.50.0-x86_64-apple-darwin.tar.gz"

[tools."aqua:casey/just"."platforms.windows-x64"]
checksum = "sha256:5dc713f049e174e22de41fd06292a26c9b90f2d37c1be9390d2082fe6928b376"
url = "https://github.com/casey/just/releases/download/1.50.0/just-1.50.0-x86_64-pc-windows-msvc.zip"

[[tools."aqua:charmbracelet/gum"]]
version = "0.17.0"
backend = "aqua:charmbracelet/gum"

[tools."aqua:charmbracelet/gum"."platforms.linux-arm64"]
checksum = "sha256:b0b9ed95cbf7c8b7073f17b9591811f5c001e33c7cfd066ca83ce8a07c576f9c"
url = "https://github.com/charmbracelet/gum/releases/download/v0.17.0/gum_0.17.0_Linux_arm64.tar.gz"

[tools."aqua:charmbracelet/gum"."platforms.linux-arm64-musl"]
checksum = "sha256:b0b9ed95cbf7c8b7073f17b9591811f5c001e33c7cfd066ca83ce8a07c576f9c"
url = "https://github.com/charmbracelet/gum/releases/download/v0.17.0/gum_0.17.0_Linux_arm64.tar.gz"

[tools."aqua:charmbracelet/gum"."platforms.linux-x64"]
checksum = "sha256:69ee169bd6387331928864e94d47ed01ef649fbfe875baed1bbf27b5377a6fdb"
url = "https://github.com/charmbracelet/gum/releases/download/v0.17.0/gum_0.17.0_Linux_x86_64.tar.gz"

[tools."aqua:charmbracelet/gum"."platforms.linux-x64-musl"]
checksum = "sha256:69ee169bd6387331928864e94d47ed01ef649fbfe875baed1bbf27b5377a6fdb"
url = "https://github.com/charmbracelet/gum/releases/download/v0.17.0/gum_0.17.0_Linux_x86_64.tar.gz"

[tools."aqua:charmbracelet/gum"."platforms.macos-arm64"]
checksum = "sha256:e2a4b8596efa05821d8c58d0c1afbcd7ad1699ba69c689cc3ff23a4a99c8b237"
url = "https://github.com/charmbracelet/gum/releases/download/v0.17.0/gum_0.17.0_Darwin_arm64.tar.gz"

[tools."aqua:charmbracelet/gum"."platforms.macos-x64"]
checksum = "sha256:cd66576aeebe6cd19c771863c7e8d696e0e1d5387d1e7075666baa67c2052e53"
url = "https://github.com/charmbracelet/gum/releases/download/v0.17.0/gum_0.17.0_Darwin_x86_64.tar.gz"

[tools."aqua:charmbracelet/gum"."platforms.windows-x64"]
checksum = "sha256:b2be80531c6babc8d4e0e6ca95773d58118a2e1582ae006aace08dbc55503072"
url = "https://github.com/charmbracelet/gum/releases/download/v0.17.0/gum_0.17.0_Windows_x86_64.zip"

[[tools."aqua:chmln/sd"]]
version = "1.1.0"
backend = "aqua:chmln/sd"

[tools."aqua:chmln/sd"."platforms.linux-arm64"]
checksum = "sha256:ec8c93c0533ff21f4851d11566808d4082544baf063d9b96ea77c27e98b7cd99"
url = "https://github.com/chmln/sd/releases/download/v1.1.0/sd-v1.1.0-aarch64-unknown-linux-musl.tar.gz"

[tools."aqua:chmln/sd"."platforms.linux-arm64-musl"]
checksum = "sha256:ec8c93c0533ff21f4851d11566808d4082544baf063d9b96ea77c27e98b7cd99"
url = "https://github.com/chmln/sd/releases/download/v1.1.0/sd-v1.1.0-aarch64-unknown-linux-musl.tar.gz"

[tools."aqua:chmln/sd"."platforms.linux-x64"]
checksum = "sha256:02f00f4777d43e8e95b7b8d49e1a0d6e502fed4b8e79c1c8b8063857a30caa2e"
url = "https://github.com/chmln/sd/releases/download/v1.1.0/sd-v1.1.0-x86_64-unknown-linux-musl.tar.gz"

[tools."aqua:chmln/sd"."platforms.linux-x64-musl"]
checksum = "sha256:02f00f4777d43e8e95b7b8d49e1a0d6e502fed4b8e79c1c8b8063857a30caa2e"
url = "https://github.com/chmln/sd/releases/download/v1.1.0/sd-v1.1.0-x86_64-unknown-linux-musl.tar.gz"

[tools."aqua:chmln/sd"."platforms.macos-arm64"]
checksum = "sha256:4bd3c09226376ca0a1d69589c91e86276fae36c5fbaaee669afce583f6682030"
url = "https://github.com/chmln/sd/releases/download/v1.1.0/sd-v1.1.0-aarch64-apple-darwin.tar.gz"

[tools."aqua:chmln/sd"."platforms.macos-x64"]
checksum = "sha256:1fca1e9c91813a8aac6821063c923107ba0f66a83309e095edcd3b202f67f97e"
url = "https://github.com/chmln/sd/releases/download/v1.1.0/sd-v1.1.0-x86_64-apple-darwin.tar.gz"

[tools."aqua:chmln/sd"."platforms.windows-x64"]
checksum = "sha256:59837c2e7c911099aca1cc46b663bcdc5a949fd3e9fbbaf34fc73e5d5d71007c"
url = "https://github.com/chmln/sd/releases/download/v1.1.0/sd-v1.1.0-x86_64-pc-windows-msvc.zip"

[[tools."aqua:cilium/cilium-cli"]]
version = "0.19.2"
backend = "aqua:cilium/cilium-cli"

[tools."aqua:cilium/cilium-cli"."platforms.linux-arm64"]
checksum = "sha256:205ad0eba18a105e4542a5ff41fea74929f8cb4af831d35c0fac591bfe48bbf1"
url = "https://github.com/cilium/cilium-cli/releases/download/v0.19.2/cilium-linux-arm64.tar.gz"

[tools."aqua:cilium/cilium-cli"."platforms.linux-arm64-musl"]
checksum = "sha256:205ad0eba18a105e4542a5ff41fea74929f8cb4af831d35c0fac591bfe48bbf1"
url = "https://github.com/cilium/cilium-cli/releases/download/v0.19.2/cilium-linux-arm64.tar.gz"

[tools."aqua:cilium/cilium-cli"."platforms.linux-x64"]
checksum = "sha256:aa25cd2542614051573008ed18adb7d697fd78e4b0345db83d1650cdaf4492de"
url = "https://github.com/cilium/cilium-cli/releases/download/v0.19.2/cilium-linux-amd64.tar.gz"

[tools."aqua:cilium/cilium-cli"."platforms.linux-x64-musl"]
checksum = "sha256:aa25cd2542614051573008ed18adb7d697fd78e4b0345db83d1650cdaf4492de"
url = "https://github.com/cilium/cilium-cli/releases/download/v0.19.2/cilium-linux-amd64.tar.gz"

[tools."aqua:cilium/cilium-cli"."platforms.macos-arm64"]
checksum = "sha256:c1254bd1f94711804a1276f2f2f56297a615a8a6fa4f6ba077ea895e997e16bb"
url = "https://github.com/cilium/cilium-cli/releases/download/v0.19.2/cilium-darwin-arm64.tar.gz"

[tools."aqua:cilium/cilium-cli"."platforms.macos-x64"]
checksum = "sha256:8b8c694129d6f9cceac0543af3934cf30a1de828a72c18b68d4bc7fc668c8c35"
url = "https://github.com/cilium/cilium-cli/releases/download/v0.19.2/cilium-darwin-amd64.tar.gz"

[tools."aqua:cilium/cilium-cli"."platforms.windows-x64"]
checksum = "sha256:6be7bc367537add0eec1078f2e9a0c8192926b1fa2cbc486e64d2773000e9217"
url = "https://github.com/cilium/cilium-cli/releases/download/v0.19.2/cilium-windows-amd64.zip"

[[tools."aqua:cli/cli"]]
version = "2.92.0"
backend = "aqua:cli/cli"

[tools."aqua:cli/cli"."platforms.linux-arm64"]
checksum = "sha256:c2248526dd0160c08d3fccca2332c3c1a07c15a78b23978e77735f1b5a18cfee"
url = "https://github.com/cli/cli/releases/download/v2.92.0/gh_2.92.0_linux_arm64.tar.gz"
provenance = "github-attestations"

[tools."aqua:cli/cli"."platforms.linux-arm64-musl"]
checksum = "sha256:c2248526dd0160c08d3fccca2332c3c1a07c15a78b23978e77735f1b5a18cfee"
url = "https://github.com/cli/cli/releases/download/v2.92.0/gh_2.92.0_linux_arm64.tar.gz"
provenance = "github-attestations"

[tools."aqua:cli/cli"."platforms.linux-x64"]
checksum = "sha256:b57848131bdf0c229cd35e1f2a51aa718199858b2e728410b37e89a428943ec4"
url = "https://github.com/cli/cli/releases/download/v2.92.0/gh_2.92.0_linux_amd64.tar.gz"
provenance = "github-attestations"

[tools."aqua:cli/cli"."platforms.linux-x64-musl"]
checksum = "sha256:b57848131bdf0c229cd35e1f2a51aa718199858b2e728410b37e89a428943ec4"
url = "https://github.com/cli/cli/releases/download/v2.92.0/gh_2.92.0_linux_amd64.tar.gz"
provenance = "github-attestations"

[tools."aqua:cli/cli"."platforms.macos-arm64"]
checksum = "sha256:b11c54f6bd7d15ed6590475079e5b2fcf36f45d3991a80041b29c9d0cc1f1d07"
url = "https://github.com/cli/cli/releases/download/v2.92.0/gh_2.92.0_macOS_arm64.zip"
provenance = "github-attestations"

[tools."aqua:cli/cli"."platforms.macos-x64"]
checksum = "sha256:ae9bb327ab0d91071bdada79f8f14034a2a0f19b0e001835a782eafa519d2af0"
url = "https://github.com/cli/cli/releases/download/v2.92.0/gh_2.92.0_macOS_amd64.zip"
provenance = "github-attestations"

[tools."aqua:cli/cli"."platforms.windows-x64"]
checksum = "sha256:b6a8df3c8c6b9c80f290906387673bc4d272840f3789c5650e0e4e6e75522785"
url = "https://github.com/cli/cli/releases/download/v2.92.0/gh_2.92.0_windows_amd64.zip"
provenance = "github-attestations"

[[tools."aqua:cloudflare/cloudflared"]]
version = "2026.3.0"
backend = "aqua:cloudflare/cloudflared"

[tools."aqua:cloudflare/cloudflared"."platforms.linux-arm64"]
checksum = "sha256:0755ba4cbab59980e6148367fcf53a8f3ec85a97deefd63c2420cf7850769bee"
url = "https://github.com/cloudflare/cloudflared/releases/download/2026.3.0/cloudflared-linux-arm64"

[tools."aqua:cloudflare/cloudflared"."platforms.linux-arm64-musl"]
checksum = "sha256:0755ba4cbab59980e6148367fcf53a8f3ec85a97deefd63c2420cf7850769bee"
url = "https://github.com/cloudflare/cloudflared/releases/download/2026.3.0/cloudflared-linux-arm64"

[tools."aqua:cloudflare/cloudflared"."platforms.linux-x64"]
checksum = "sha256:4a9e50e6d6d798e90fcd01933151a90bf7edd99a0a55c28ad18f2e16263a5c30"
url = "https://github.com/cloudflare/cloudflared/releases/download/2026.3.0/cloudflared-linux-amd64"

[tools."aqua:cloudflare/cloudflared"."platforms.linux-x64-musl"]
checksum = "sha256:4a9e50e6d6d798e90fcd01933151a90bf7edd99a0a55c28ad18f2e16263a5c30"
url = "https://github.com/cloudflare/cloudflared/releases/download/2026.3.0/cloudflared-linux-amd64"

[tools."aqua:cloudflare/cloudflared"."platforms.macos-arm64"]
checksum = "sha256:2aae4f69b0fc1c671b8353b4f594cbd902cd1e360c8eed2b8cad4602cb1546fb"
url = "https://github.com/cloudflare/cloudflared/releases/download/2026.3.0/cloudflared-darwin-arm64.tgz"

[tools."aqua:cloudflare/cloudflared"."platforms.macos-x64"]
checksum = "sha256:0f30140c4a5e213d22f951ef4c964cac5fb6a5f061ba6eba5ea932999f7c0394"
url = "https://github.com/cloudflare/cloudflared/releases/download/2026.3.0/cloudflared-darwin-amd64.tgz"

[tools."aqua:cloudflare/cloudflared"."platforms.windows-x64"]
checksum = "sha256:59b12880b24af581cf5b1013db601c7d843b9b097e9c78aa5957c7f39f741885"
url = "https://github.com/cloudflare/cloudflared/releases/download/2026.3.0/cloudflared-windows-amd64.exe"

[[tools."aqua:fluxcd/flux2"]]
version = "2.8.6"
backend = "aqua:fluxcd/flux2"

[tools."aqua:fluxcd/flux2"."platforms.linux-arm64"]
checksum = "sha256:bc460320c2d33ad833791277896dd1aaf1cff6b3e64ba397c44238f00d4ae5bc"
url = "https://github.com/fluxcd/flux2/releases/download/v2.8.6/flux_2.8.6_linux_arm64.tar.gz"

[tools."aqua:fluxcd/flux2"."platforms.linux-arm64".provenance.slsa]
url = "https://github.com/fluxcd/flux2/releases/download/v2.8.6/provenance.intoto.jsonl"

[tools."aqua:fluxcd/flux2"."platforms.linux-arm64-musl"]
checksum = "sha256:bc460320c2d33ad833791277896dd1aaf1cff6b3e64ba397c44238f00d4ae5bc"
url = "https://github.com/fluxcd/flux2/releases/download/v2.8.6/flux_2.8.6_linux_arm64.tar.gz"

[tools."aqua:fluxcd/flux2"."platforms.linux-arm64-musl".provenance.slsa]
url = "https://github.com/fluxcd/flux2/releases/download/v2.8.6/provenance.intoto.jsonl"

[tools."aqua:fluxcd/flux2"."platforms.linux-x64"]
checksum = "sha256:c53cc990ae266f7840f64c81515d701d8821d558a9062aa4211d71b38cf044be"
url = "https://github.com/fluxcd/flux2/releases/download/v2.8.6/flux_2.8.6_linux_amd64.tar.gz"

[tools."aqua:fluxcd/flux2"."platforms.linux-x64".provenance.slsa]
url = "https://github.com/fluxcd/flux2/releases/download/v2.8.6/provenance.intoto.jsonl"

[tools."aqua:fluxcd/flux2"."platforms.linux-x64-musl"]
checksum = "sha256:c53cc990ae266f7840f64c81515d701d8821d558a9062aa4211d71b38cf044be"
url = "https://github.com/fluxcd/flux2/releases/download/v2.8.6/flux_2.8.6_linux_amd64.tar.gz"

[tools."aqua:fluxcd/flux2"."platforms.linux-x64-musl".provenance.slsa]
url = "https://github.com/fluxcd/flux2/releases/download/v2.8.6/provenance.intoto.jsonl"

[tools."aqua:fluxcd/flux2"."platforms.macos-arm64"]
checksum = "sha256:20de67ebf2da689dd165b004dc073469f33aa2a3eac45a69f38a40435e14d20b"
url = "https://github.com/fluxcd/flux2/releases/download/v2.8.6/flux_2.8.6_darwin_arm64.tar.gz"

[tools."aqua:fluxcd/flux2"."platforms.macos-arm64".provenance.slsa]
url = "https://github.com/fluxcd/flux2/releases/download/v2.8.6/provenance.intoto.jsonl"

[tools."aqua:fluxcd/flux2"."platforms.macos-x64"]
checksum = "sha256:83ce032f39248ed04324f3e50344794575fb5f7149f24c071972e320b64826a6"
url = "https://github.com/fluxcd/flux2/releases/download/v2.8.6/flux_2.8.6_darwin_amd64.tar.gz"

[tools."aqua:fluxcd/flux2"."platforms.macos-x64".provenance.slsa]
url = "https://github.com/fluxcd/flux2/releases/download/v2.8.6/provenance.intoto.jsonl"

[tools."aqua:fluxcd/flux2"."platforms.windows-x64"]
checksum = "sha256:05fe1b414bb40555d72e8149aca7046eba4ceacea7825d011c1188cc74c62e9c"
url = "https://github.com/fluxcd/flux2/releases/download/v2.8.6/flux_2.8.6_windows_amd64.zip"

[tools."aqua:fluxcd/flux2"."platforms.windows-x64".provenance.slsa]
url = "https://github.com/fluxcd/flux2/releases/download/v2.8.6/provenance.intoto.jsonl"

[[tools."aqua:getsops/sops"]]
version = "3.12.2"
backend = "aqua:getsops/sops"

[tools."aqua:getsops/sops"."platforms.linux-arm64"]
checksum = "sha256:f66de6f528dca946e910d74fa36a62a7714c11d0db16bd3c9bd8acf73b66704b"
url = "https://github.com/getsops/sops/releases/download/v3.12.2/sops-v3.12.2.linux.arm64"

[tools."aqua:getsops/sops"."platforms.linux-arm64".provenance.slsa]
url = "https://github.com/getsops/sops/releases/download/v3.12.2/sops-v3.12.2.intoto.jsonl"

[tools."aqua:getsops/sops"."platforms.linux-arm64-musl"]
checksum = "sha256:f66de6f528dca946e910d74fa36a62a7714c11d0db16bd3c9bd8acf73b66704b"
url = "https://github.com/getsops/sops/releases/download/v3.12.2/sops-v3.12.2.linux.arm64"

[tools."aqua:getsops/sops"."platforms.linux-arm64-musl".provenance.slsa]
url = "https://github.com/getsops/sops/releases/download/v3.12.2/sops-v3.12.2.intoto.jsonl"

[tools."aqua:getsops/sops"."platforms.linux-x64"]
checksum = "sha256:14e2e1ba3bef31e74b70cf0b674f6443c80f6c5f3df15d05ffc57c34851b4998"
url = "https://github.com/getsops/sops/releases/download/v3.12.2/sops-v3.12.2.linux.amd64"

[tools."aqua:getsops/sops"."platforms.linux-x64".provenance.slsa]
url = "https://github.com/getsops/sops/releases/download/v3.12.2/sops-v3.12.2.intoto.jsonl"

[tools."aqua:getsops/sops"."platforms.linux-x64-musl"]
checksum = "sha256:14e2e1ba3bef31e74b70cf0b674f6443c80f6c5f3df15d05ffc57c34851b4998"
url = "https://github.com/getsops/sops/releases/download/v3.12.2/sops-v3.12.2.linux.amd64"

[tools."aqua:getsops/sops"."platforms.linux-x64-musl".provenance.slsa]
url = "https://github.com/getsops/sops/releases/download/v3.12.2/sops-v3.12.2.intoto.jsonl"

[tools."aqua:getsops/sops"."platforms.macos-arm64"]
checksum = "sha256:284edc64acf91ca249f227ffa2b444632656e4e1ac02baa26bed7051a7d51ce5"
url = "https://github.com/getsops/sops/releases/download/v3.12.2/sops-v3.12.2.darwin.arm64"

[tools."aqua:getsops/sops"."platforms.macos-arm64".provenance.slsa]
url = "https://github.com/getsops/sops/releases/download/v3.12.2/sops-v3.12.2.intoto.jsonl"

[tools."aqua:getsops/sops"."platforms.macos-x64"]
checksum = "sha256:767c0dcb42e052fd6f2ac17d4473eca6f5fc4910e2b70127f1308d86c606c022"
url = "https://github.com/getsops/sops/releases/download/v3.12.2/sops-v3.12.2.darwin.amd64"

[tools."aqua:getsops/sops"."platforms.macos-x64".provenance.slsa]
url = "https://github.com/getsops/sops/releases/download/v3.12.2/sops-v3.12.2.intoto.jsonl"

[tools."aqua:getsops/sops"."platforms.windows-x64"]
checksum = "sha256:5e777b1854ab2a6271d8f66375970e1fe3eea838251c309de151d16a2bdf13a2"
url = "https://github.com/getsops/sops/releases/download/v3.12.2/sops-v3.12.2.amd64.exe"

[tools."aqua:getsops/sops"."platforms.windows-x64".provenance.slsa]
url = "https://github.com/getsops/sops/releases/download/v3.12.2/sops-v3.12.2.intoto.jsonl"

[[tools."aqua:gitleaks/gitleaks"]]
version = "8.30.1"
backend = "aqua:gitleaks/gitleaks"

[tools."aqua:gitleaks/gitleaks"."platforms.linux-arm64"]
checksum = "sha256:e4a487ee7ccd7d3a7f7ec08657610aa3606637dab924210b3aee62570fb4b080"
url = "https://github.com/gitleaks/gitleaks/releases/download/v8.30.1/gitleaks_8.30.1_linux_arm64.tar.gz"

[tools."aqua:gitleaks/gitleaks"."platforms.linux-arm64-musl"]
checksum = "sha256:e4a487ee7ccd7d3a7f7ec08657610aa3606637dab924210b3aee62570fb4b080"
url = "https://github.com/gitleaks/gitleaks/releases/download/v8.30.1/gitleaks_8.30.1_linux_arm64.tar.gz"

[tools."aqua:gitleaks/gitleaks"."platforms.linux-x64"]
checksum = "sha256:551f6fc83ea457d62a0d98237cbad105af8d557003051f41f3e7ca7b3f2470eb"
url = "https://github.com/gitleaks/gitleaks/releases/download/v8.30.1/gitleaks_8.30.1_linux_x64.tar.gz"

[tools."aqua:gitleaks/gitleaks"."platforms.linux-x64-musl"]
checksum = "sha256:551f6fc83ea457d62a0d98237cbad105af8d557003051f41f3e7ca7b3f2470eb"
url = "https://github.com/gitleaks/gitleaks/releases/download/v8.30.1/gitleaks_8.30.1_linux_x64.tar.gz"

[tools."aqua:gitleaks/gitleaks"."platforms.macos-arm64"]
checksum = "sha256:b40ab0ae55c505963e365f271a8d3846efbc170aa17f2607f13df610a9aeb6a5"
url = "https://github.com/gitleaks/gitleaks/releases/download/v8.30.1/gitleaks_8.30.1_darwin_arm64.tar.gz"

[tools."aqua:gitleaks/gitleaks"."platforms.macos-x64"]
checksum = "sha256:dfe101a4db2255fc85120ac7f3d25e4342c3c20cf749f2c20a18081af1952709"
url = "https://github.com/gitleaks/gitleaks/releases/download/v8.30.1/gitleaks_8.30.1_darwin_x64.tar.gz"

[tools."aqua:gitleaks/gitleaks"."platforms.windows-x64"]
checksum = "sha256:d29144deff3a68aa93ced33dddf84b7fdc26070add4aa0f4513094c8332afc4e"
url = "https://github.com/gitleaks/gitleaks/releases/download/v8.30.1/gitleaks_8.30.1_windows_x64.zip"

[[tools."aqua:helm/helm"]]
version = "4.1.4"
backend = "aqua:helm/helm"

[tools."aqua:helm/helm"."platforms.linux-arm64"]
checksum = "sha256:13d03672be289045d2ff00e4e345d61de1c6f21c1257a45955a30e8ae036d8f1"
url = "https://get.helm.sh/helm-v4.1.4-linux-arm64.tar.gz"

[tools."aqua:helm/helm"."platforms.linux-arm64-musl"]
checksum = "sha256:13d03672be289045d2ff00e4e345d61de1c6f21c1257a45955a30e8ae036d8f1"
url = "https://get.helm.sh/helm-v4.1.4-linux-arm64.tar.gz"

[tools."aqua:helm/helm"."platforms.linux-x64"]
checksum = "sha256:70b2c30a19da4db264dfd68c8a3664e05093a361cefd89572ffb36f8abfa3d09"
url = "https://get.helm.sh/helm-v4.1.4-linux-amd64.tar.gz"

[tools."aqua:helm/helm"."platforms.linux-x64-musl"]
checksum = "sha256:70b2c30a19da4db264dfd68c8a3664e05093a361cefd89572ffb36f8abfa3d09"
url = "https://get.helm.sh/helm-v4.1.4-linux-amd64.tar.gz"

[tools."aqua:helm/helm"."platforms.macos-arm64"]
checksum = "sha256:7c2eca678e8001fa863cdf8cbf6ac1b3799f9404a89eb55c08260ef5732e658d"
url = "https://get.helm.sh/helm-v4.1.4-darwin-arm64.tar.gz"

[tools."aqua:helm/helm"."platforms.macos-x64"]
checksum = "sha256:abf09c8503ad1d8ef76d3737a058c3456a998aae5f5966fce4bb3031aeb1654e"
url = "https://get.helm.sh/helm-v4.1.4-darwin-amd64.tar.gz"

[tools."aqua:helm/helm"."platforms.windows-x64"]
checksum = "sha256:f6a7bca730093d5b859a33141d34361f1cc7bc358657b48c75ce36e1e8bdf8b6"
url = "https://get.helm.sh/helm-v4.1.4-windows-amd64.tar.gz"

[[tools."aqua:helmfile/helmfile"]]
version = "1.5.0"
backend = "aqua:helmfile/helmfile"

[tools."aqua:helmfile/helmfile"."platforms.linux-arm64"]
checksum = "sha256:d98ae0a480a3020ab361fea6b5973e28f976caf392c8ac84157a05796247a7fe"
url = "https://github.com/helmfile/helmfile/releases/download/v1.5.0/helmfile_1.5.0_linux_arm64.tar.gz"

[tools."aqua:helmfile/helmfile"."platforms.linux-arm64-musl"]
checksum = "sha256:d98ae0a480a3020ab361fea6b5973e28f976caf392c8ac84157a05796247a7fe"
url = "https://github.com/helmfile/helmfile/releases/download/v1.5.0/helmfile_1.5.0_linux_arm64.tar.gz"

[tools."aqua:helmfile/helmfile"."platforms.linux-x64"]
checksum = "sha256:9612fc88e626098ca8fad63aa73781850896767b3ac1be1b305c48167da062fa"
url = "https://github.com/helmfile/helmfile/releases/download/v1.5.0/helmfile_1.5.0_linux_amd64.tar.gz"

[tools."aqua:helmfile/helmfile"."platforms.linux-x64-musl"]
checksum = "sha256:9612fc88e626098ca8fad63aa73781850896767b3ac1be1b305c48167da062fa"
url = "https://github.com/helmfile/helmfile/releases/download/v1.5.0/helmfile_1.5.0_linux_amd64.tar.gz"

[tools."aqua:helmfile/helmfile"."platforms.macos-arm64"]
checksum = "sha256:0595b457f162e16c6c264ab7556ed6b0627cdeb693eed4401bfd77df79613b21"
url = "https://github.com/helmfile/helmfile/releases/download/v1.5.0/helmfile_1.5.0_darwin_arm64.tar.gz"

[tools."aqua:helmfile/helmfile"."platforms.macos-x64"]
checksum = "sha256:2c5f7bed26c799722ea23790ca0c0cbe8b4c0dd6c25b4778c50927d78f4cdd78"
url = "https://github.com/helmfile/helmfile/releases/download/v1.5.0/helmfile_1.5.0_darwin_amd64.tar.gz"

[tools."aqua:helmfile/helmfile"."platforms.windows-x64"]
checksum = "sha256:ea15d325be59da46d17e03309c337bcbe7f8a5ab285294c0c3d288e6b42f4a72"
url = "https://github.com/helmfile/helmfile/releases/download/v1.5.0/helmfile_1.5.0_windows_amd64.tar.gz"

[[tools."aqua:jqlang/jq"]]
version = "1.8.1"
backend = "aqua:jqlang/jq"

[tools."aqua:jqlang/jq"."platforms.linux-arm64"]
checksum = "sha256:6bc62f25981328edd3cfcfe6fe51b073f2d7e7710d7ef7fcdac28d4e384fc3d4"
url = "https://github.com/jqlang/jq/releases/download/jq-1.8.1/jq-linux-arm64"
provenance = "github-attestations"

[tools."aqua:jqlang/jq"."platforms.linux-arm64-musl"]
checksum = "sha256:6bc62f25981328edd3cfcfe6fe51b073f2d7e7710d7ef7fcdac28d4e384fc3d4"
url = "https://github.com/jqlang/jq/releases/download/jq-1.8.1/jq-linux-arm64"
provenance = "github-attestations"

[tools."aqua:jqlang/jq"."platforms.linux-x64"]
checksum = "sha256:020468de7539ce70ef1bceaf7cde2e8c4f2ca6c3afb84642aabc5c97d9fc2a0d"
url = "https://github.com/jqlang/jq/releases/download/jq-1.8.1/jq-linux-amd64"
provenance = "github-attestations"

[tools."aqua:jqlang/jq"."platforms.linux-x64-musl"]
checksum = "sha256:020468de7539ce70ef1bceaf7cde2e8c4f2ca6c3afb84642aabc5c97d9fc2a0d"
url = "https://github.com/jqlang/jq/releases/download/jq-1.8.1/jq-linux-amd64"
provenance = "github-attestations"

[tools."aqua:jqlang/jq"."platforms.macos-arm64"]
checksum = "sha256:a9fe3ea2f86dfc72f6728417521ec9067b343277152b114f4e98d8cb0e263603"
url = "https://github.com/jqlang/jq/releases/download/jq-1.8.1/jq-macos-arm64"
provenance = "github-attestations"

[tools."aqua:jqlang/jq"."platforms.macos-x64"]
checksum = "sha256:e80dbe0d2a2597e3c11c404f03337b981d74b4a8504b70586c354b7697a7c27f"
url = "https://github.com/jqlang/jq/releases/download/jq-1.8.1/jq-macos-amd64"
provenance = "github-attestations"

[tools."aqua:jqlang/jq"."platforms.windows-x64"]
checksum = "sha256:23cb60a1354eed6bcc8d9b9735e8c7b388cd1fdcb75726b93bc299ef22dd9334"
url = "https://github.com/jqlang/jq/releases/download/jq-1.8.1/jq-windows-amd64.exe"
provenance = "github-attestations"

[[tools."aqua:kubernetes-sigs/kustomize"]]
version = "5.7.1"
backend = "aqua:kubernetes-sigs/kustomize"

[tools."aqua:kubernetes-sigs/kustomize"."platforms.linux-arm64"]
checksum = "sha256:4261a040217df3bd6896597c3986d1465925726e4f22a945304b5233a4dcdbda"
url = "https://github.com/kubernetes-sigs/kustomize/releases/download/kustomize/v5.7.1/kustomize_v5.7.1_linux_arm64.tar.gz"

[tools."aqua:kubernetes-sigs/kustomize"."platforms.linux-arm64-musl"]
checksum = "sha256:4261a040217df3bd6896597c3986d1465925726e4f22a945304b5233a4dcdbda"
url = "https://github.com/kubernetes-sigs/kustomize/releases/download/kustomize/v5.7.1/kustomize_v5.7.1_linux_arm64.tar.gz"

[tools."aqua:kubernetes-sigs/kustomize"."platforms.linux-x64"]
checksum = "sha256:ea375e7372f9aa029129d4b2d16c66b7750b7f1213c4f66f910d981c895818d8"
url = "https://github.com/kubernetes-sigs/kustomize/releases/download/kustomize/v5.7.1/kustomize_v5.7.1_linux_amd64.tar.gz"

[tools."aqua:kubernetes-sigs/kustomize"."platforms.linux-x64-musl"]
checksum = "sha256:ea375e7372f9aa029129d4b2d16c66b7750b7f1213c4f66f910d981c895818d8"
url = "https://github.com/kubernetes-sigs/kustomize/releases/download/kustomize/v5.7.1/kustomize_v5.7.1_linux_amd64.tar.gz"

[tools."aqua:kubernetes-sigs/kustomize"."platforms.macos-arm64"]
checksum = "sha256:073e9d16d5a235e2ff83e62d6b76edb5d962adbc33be1e4860c4b3f1f39b33b9"
url = "https://github.com/kubernetes-sigs/kustomize/releases/download/kustomize/v5.7.1/kustomize_v5.7.1_darwin_arm64.tar.gz"

[tools."aqua:kubernetes-sigs/kustomize"."platforms.macos-x64"]
checksum = "sha256:4a0dff80c5644df6bc8f51b342842969004cb6ba5f94dddaabbea7483493273d"
url = "https://github.com/kubernetes-sigs/kustomize/releases/download/kustomize/v5.7.1/kustomize_v5.7.1_darwin_amd64.tar.gz"

[tools."aqua:kubernetes-sigs/kustomize"."platforms.windows-x64"]
checksum = "sha256:4704f8b47582c1c52bf76a50b37178f7f7de17f892713794a8bf44b01b50e0ce"
url = "https://github.com/kubernetes-sigs/kustomize/releases/download/kustomize/v5.7.1/kustomize_v5.7.1_windows_amd64.zip"

[[tools."aqua:kubernetes/kubernetes/kubectl"]]
version = "1.36.0"
backend = "aqua:kubernetes/kubernetes/kubectl"

[tools."aqua:kubernetes/kubernetes/kubectl"."platforms.linux-arm64"]
checksum = "sha256:9f9d9c44a7b5264515ac9da5991584e2395bd50662e651132337e7b4d0c56f8f"
url = "https://dl.k8s.io/v1.36.0/bin/linux/arm64/kubectl"

[tools."aqua:kubernetes/kubernetes/kubectl"."platforms.linux-arm64-musl"]
checksum = "sha256:9f9d9c44a7b5264515ac9da5991584e2395bd50662e651132337e7b4d0c56f8f"
url = "https://dl.k8s.io/v1.36.0/bin/linux/arm64/kubectl"

[tools."aqua:kubernetes/kubernetes/kubectl"."platforms.linux-x64"]
checksum = "sha256:123d8c8844f46b1244c547fffb3c17180c0c26dac9890589fe7e67763298748e"
url = "https://dl.k8s.io/v1.36.0/bin/linux/amd64/kubectl"

[tools."aqua:kubernetes/kubernetes/kubectl"."platforms.linux-x64-musl"]
checksum = "sha256:123d8c8844f46b1244c547fffb3c17180c0c26dac9890589fe7e67763298748e"
url = "https://dl.k8s.io/v1.36.0/bin/linux/amd64/kubectl"

[tools."aqua:kubernetes/kubernetes/kubectl"."platforms.macos-arm64"]
checksum = "sha256:4bcf268eacdc1d2df74e37d86f639f27ca7dea3ae185b7b452b73b9fb5ddc14e"
url = "https://dl.k8s.io/v1.36.0/bin/darwin/arm64/kubectl"

[tools."aqua:kubernetes/kubernetes/kubectl"."platforms.macos-x64"]
checksum = "sha256:06d7e9a3a26a326d43102c70b19f9d233db219d09890e558dbdc3647db732f06"
url = "https://dl.k8s.io/v1.36.0/bin/darwin/amd64/kubectl"

[tools."aqua:kubernetes/kubernetes/kubectl"."platforms.windows-x64"]
checksum = "sha256:9abf2164fe79d9d80185ff5085f6154eda9d21793ee18fa8dff34dfffffed36d"
url = "https://dl.k8s.io/v1.36.0/bin/windows/amd64/kubectl.exe"

[[tools."aqua:mikefarah/yq"]]
version = "4.53.2"
backend = "aqua:mikefarah/yq"

[tools."aqua:mikefarah/yq"."platforms.linux-arm64"]
checksum = "sha256:03061b2a50c7a498de2bbb92d7cb078ce433011f085a4994117c2726be4106ea"
url = "https://github.com/mikefarah/yq/releases/download/v4.53.2/yq_linux_arm64"

[tools."aqua:mikefarah/yq"."platforms.linux-arm64-musl"]
checksum = "sha256:03061b2a50c7a498de2bbb92d7cb078ce433011f085a4994117c2726be4106ea"
url = "https://github.com/mikefarah/yq/releases/download/v4.53.2/yq_linux_arm64"

[tools."aqua:mikefarah/yq"."platforms.linux-x64"]
checksum = "sha256:d56bf5c6819e8e696340c312bd70f849dc1678a7cda9c2ad63eebd906371d56b"
url = "https://github.com/mikefarah/yq/releases/download/v4.53.2/yq_linux_amd64"

[tools."aqua:mikefarah/yq"."platforms.linux-x64-musl"]
checksum = "sha256:d56bf5c6819e8e696340c312bd70f849dc1678a7cda9c2ad63eebd906371d56b"
url = "https://github.com/mikefarah/yq/releases/download/v4.53.2/yq_linux_amd64"

[tools."aqua:mikefarah/yq"."platforms.macos-arm64"]
checksum = "sha256:541ba2287560df70f561955e2d7f7e1cd00cf2a15a884f6b5c87a4bfa887bc07"
url = "https://github.com/mikefarah/yq/releases/download/v4.53.2/yq_darwin_arm64"

[tools."aqua:mikefarah/yq"."platforms.macos-x64"]
checksum = "sha256:616b0a0f6a5b79d746f05a169c2b9bb40dee00c605ef165b9a1c1681bba738ac"
url = "https://github.com/mikefarah/yq/releases/download/v4.53.2/yq_darwin_amd64"

[tools."aqua:mikefarah/yq"."platforms.windows-x64"]
checksum = "sha256:2aee32f1de46a20672f48c25df3018839798bd509143f2ce05fdab1550ff5592"
url = "https://github.com/mikefarah/yq/releases/download/v4.53.2/yq_windows_amd64.exe"

[[tools."aqua:siderolabs/talos"]]
version = "1.13.0"
backend = "aqua:siderolabs/talos"

[tools."aqua:siderolabs/talos"."platforms.linux-arm64"]
checksum = "sha256:6171ece2062a350d2fc12aa14894a4ad06235005c12f76701e0127ffdf6026b9"
url = "https://github.com/siderolabs/talos/releases/download/v1.13.0/talosctl-linux-arm64"
provenance = "cosign"

[tools."aqua:siderolabs/talos"."platforms.linux-arm64-musl"]
checksum = "sha256:6171ece2062a350d2fc12aa14894a4ad06235005c12f76701e0127ffdf6026b9"
url = "https://github.com/siderolabs/talos/releases/download/v1.13.0/talosctl-linux-arm64"
provenance = "cosign"

[tools."aqua:siderolabs/talos"."platforms.linux-x64"]
checksum = "sha256:4aa5cd191c708b8c1a3b358bfd7dd21fb0cc6bd4dc7a07f2aa925cd2a8473bae"
url = "https://github.com/siderolabs/talos/releases/download/v1.13.0/talosctl-linux-amd64"
provenance = "cosign"

[tools."aqua:siderolabs/talos"."platforms.linux-x64-musl"]
checksum = "sha256:4aa5cd191c708b8c1a3b358bfd7dd21fb0cc6bd4dc7a07f2aa925cd2a8473bae"
url = "https://github.com/siderolabs/talos/releases/download/v1.13.0/talosctl-linux-amd64"
provenance = "cosign"

[tools."aqua:siderolabs/talos"."platforms.macos-arm64"]
checksum = "sha256:728cb09e34eadcb2c122c626daba8202281944f4851b43e9e37836551c8e9d19"
url = "https://github.com/siderolabs/talos/releases/download/v1.13.0/talosctl-darwin-arm64"
provenance = "cosign"

[tools."aqua:siderolabs/talos"."platforms.macos-x64"]
checksum = "sha256:166c4cb74765837e20430516be739757376df769346fd70ff1093a88391dcfa8"
url = "https://github.com/siderolabs/talos/releases/download/v1.13.0/talosctl-darwin-amd64"
provenance = "cosign"

[tools."aqua:siderolabs/talos"."platforms.windows-x64"]
checksum = "sha256:c4fb1a0fe5450a2492de0d844da5f108aa89101850cc1835947456b9252315db"
url = "https://github.com/siderolabs/talos/releases/download/v1.13.0/talosctl-windows-amd64.exe"
provenance = "cosign"

[[tools."aqua:yannh/kubeconform"]]
version = "0.7.0"
backend = "aqua:yannh/kubeconform"

[tools."aqua:yannh/kubeconform"."platforms.linux-arm64"]
checksum = "sha256:cc907ccf9e3c34523f0f32b69745265e0a6908ca85b92f41931d4537860eb83c"
url = "https://github.com/yannh/kubeconform/releases/download/v0.7.0/kubeconform-linux-arm64.tar.gz"

[tools."aqua:yannh/kubeconform"."platforms.linux-arm64-musl"]
checksum = "sha256:cc907ccf9e3c34523f0f32b69745265e0a6908ca85b92f41931d4537860eb83c"
url = "https://github.com/yannh/kubeconform/releases/download/v0.7.0/kubeconform-linux-arm64.tar.gz"

[tools."aqua:yannh/kubeconform"."platforms.linux-x64"]
checksum = "sha256:c31518ddd122663b3f3aa874cfe8178cb0988de944f29c74a0b9260920d115d3"
url = "https://github.com/yannh/kubeconform/releases/download/v0.7.0/kubeconform-linux-amd64.tar.gz"

[tools."aqua:yannh/kubeconform"."platforms.linux-x64-musl"]
checksum = "sha256:c31518ddd122663b3f3aa874cfe8178cb0988de944f29c74a0b9260920d115d3"
url = "https://github.com/yannh/kubeconform/releases/download/v0.7.0/kubeconform-linux-amd64.tar.gz"

[tools."aqua:yannh/kubeconform"."platforms.macos-arm64"]
checksum = "sha256:b5d32b2cb77f9c781c976b20a85e2d0bc8f9184d5d1cfe665a2f31a19f99eeb9"
url = "https://github.com/yannh/kubeconform/releases/download/v0.7.0/kubeconform-darwin-arm64.tar.gz"

[tools."aqua:yannh/kubeconform"."platforms.macos-x64"]
checksum = "sha256:c6771cc894d82e1b12f35ee797dcda1f7da6a3787aa30902a15c264056dd40d4"
url = "https://github.com/yannh/kubeconform/releases/download/v0.7.0/kubeconform-darwin-amd64.tar.gz"

[tools."aqua:yannh/kubeconform"."platforms.windows-x64"]
checksum = "sha256:9cb75551d81c909c2241ab383ced2be68363b5bfb15fd989badcc5a63bea5d7e"
url = "https://github.com/yannh/kubeconform/releases/download/v0.7.0/kubeconform-windows-amd64.zip"

[[tools.pipx]]
version = "1.11.1"
backend = "aqua:pypa/pipx"

[tools.pipx."platforms.linux-arm64"]
checksum = "sha256:60c947d2449af642c17079a2119ef87e426ad83967b8bb223bb27c802fc29ccd"
url = "https://github.com/pypa/pipx/releases/download/1.11.1/pipx.pyz"

[tools.pipx."platforms.linux-arm64-musl"]
checksum = "sha256:60c947d2449af642c17079a2119ef87e426ad83967b8bb223bb27c802fc29ccd"
url = "https://github.com/pypa/pipx/releases/download/1.11.1/pipx.pyz"

[tools.pipx."platforms.linux-x64"]
checksum = "sha256:60c947d2449af642c17079a2119ef87e426ad83967b8bb223bb27c802fc29ccd"
url = "https://github.com/pypa/pipx/releases/download/1.11.1/pipx.pyz"

[tools.pipx."platforms.linux-x64-musl"]
checksum = "sha256:60c947d2449af642c17079a2119ef87e426ad83967b8bb223bb27c802fc29ccd"
url = "https://github.com/pypa/pipx/releases/download/1.11.1/pipx.pyz"

[tools.pipx."platforms.macos-arm64"]
checksum = "sha256:60c947d2449af642c17079a2119ef87e426ad83967b8bb223bb27c802fc29ccd"
url = "https://github.com/pypa/pipx/releases/download/1.11.1/pipx.pyz"

[tools.pipx."platforms.macos-x64"]
checksum = "sha256:60c947d2449af642c17079a2119ef87e426ad83967b8bb223bb27c802fc29ccd"
url = "https://github.com/pypa/pipx/releases/download/1.11.1/pipx.pyz"

[[tools."pipx:makejinja"]]
version = "2.8.2"
backend = "pipx:makejinja"

[[tools."pipx:pre-commit"]]
version = "4.0.1"
backend = "pipx:pre-commit"

[[tools.python]]
version = "3.13.7"
backend = "core:python"

[tools.python."platforms.linux-arm64"]
checksum = "sha256:0af6c9a17df4d5afdef37825d0cc703264c1a0a94dad825b2b6b6975b524c0d5"
url = "https://github.com/astral-sh/python-build-standalone/releases/download/20250918/cpython-3.13.7+20250918-aarch64-unknown-linux-gnu-install_only_stripped.tar.gz"
provenance = "github-attestations"

[tools.python."platforms.linux-arm64-musl"]
checksum = "sha256:b1cc6647c75d550e3cbe9cc6fe8f9eca76e18abbeff52bc56978411adf9227e0"
url = "https://github.com/astral-sh/python-build-standalone/releases/download/20250918/cpython-3.13.7+20250918-aarch64-unknown-linux-musl-install_only_stripped.tar.gz"
provenance = "github-attestations"

[tools.python."platforms.linux-x64"]
checksum = "sha256:888fb7e192caafdb33e028f865b7da68dce5e924cfe58fcef96323e175a70e3e"
url = "https://github.com/astral-sh/python-build-standalone/releases/download/20250918/cpython-3.13.7+20250918-x86_64-unknown-linux-gnu-install_only_stripped.tar.gz"
provenance = "github-attestations"

[tools.python."platforms.linux-x64-musl"]
checksum = "sha256:21d1b942b6fa29cd3924bc4ed77b8b8b85b8263e0e9c8b12120b344054345583"
url = "https://github.com/astral-sh/python-build-standalone/releases/download/20250918/cpython-3.13.7+20250918-x86_64-unknown-linux-musl-install_only_stripped.tar.gz"
provenance = "github-attestations"

[tools.python."platforms.macos-arm64"]
checksum = "sha256:10f26ea5fc7c4d9c012faf372898a801f34b8fd7730c677576263224d56835fe"
url = "https://github.com/astral-sh/python-build-standalone/releases/download/20250918/cpython-3.13.7+20250918-aarch64-apple-darwin-install_only_stripped.tar.gz"
provenance = "github-attestations"

[tools.python."platforms.macos-x64"]
checksum = "sha256:e640143d4dde2edff1865c3e88e44b046478b790af4f8b3ac4d228e53952dda0"
url = "https://github.com/astral-sh/python-build-standalone/releases/download/20250918/cpython-3.13.7+20250918-x86_64-apple-darwin-install_only_stripped.tar.gz"
provenance = "github-attestations"

[tools.python."platforms.windows-x64"]
checksum = "sha256:bc229e5364699a8456b6ceabde8348c75e62312ffd62631dd1e494a1755a45ed"
url = "https://github.com/astral-sh/python-build-standalone/releases/download/20250918/cpython-3.13.7+20250918-x86_64-pc-windows-msvc-install_only_stripped.tar.gz"
provenance = "github-attestations"

[[tools."ubi:cue-lang/cue"]]
version = "0.16.1"
backend = "ubi:cue-lang/cue"

[[tools.uv]]
version = "0.11.8"
backend = "aqua:astral-sh/uv"

[tools.uv."platforms.linux-arm64"]
checksum = "sha256:29418befb64f926a2dba3473e8e69acd00b36fb845d85344ef11321a993ad8f5"
url = "https://github.com/astral-sh/uv/releases/download/0.11.8/uv-aarch64-unknown-linux-musl.tar.gz"
provenance = "github-attestations"

[tools.uv."platforms.linux-arm64-musl"]
checksum = "sha256:29418befb64f926a2dba3473e8e69acd00b36fb845d85344ef11321a993ad8f5"
url = "https://github.com/astral-sh/uv/releases/download/0.11.8/uv-aarch64-unknown-linux-musl.tar.gz"
provenance = "github-attestations"

[tools.uv."platforms.linux-x64"]
checksum = "sha256:de82507d12e31cfc86c1c776238f7c248e48e40d996dedc812d64fdd31c6ed12"
url = "https://github.com/astral-sh/uv/releases/download/0.11.8/uv-x86_64-unknown-linux-musl.tar.gz"
provenance = "github-attestations"

[tools.uv."platforms.linux-x64-musl"]
checksum = "sha256:de82507d12e31cfc86c1c776238f7c248e48e40d996dedc812d64fdd31c6ed12"
url = "https://github.com/astral-sh/uv/releases/download/0.11.8/uv-x86_64-unknown-linux-musl.tar.gz"
provenance = "github-attestations"

[tools.uv."platforms.macos-arm64"]
checksum = "sha256:c729adb365114e844dd7f9316313a7ed6443b89bb5681d409eebac78b0bd06c8"
url = "https://github.com/astral-sh/uv/releases/download/0.11.8/uv-aarch64-apple-darwin.tar.gz"
provenance = "github-attestations"

[tools.uv."platforms.macos-x64"]
checksum = "sha256:c59d73bf34b58bc8e33a11629f7a255c11789fd00f03cd3e68ab2d1603645de9"
url = "https://github.com/astral-sh/uv/releases/download/0.11.8/uv-x86_64-apple-darwin.tar.gz"
provenance = "github-attestations"

[tools.uv."platforms.windows-x64"]
checksum = "sha256:c84629a56e0706b69a47ea35862208af827cb6fbfa1d0ca763c52c67594637e8"
url = "https://github.com/astral-sh/uv/releases/download/0.11.8/uv-x86_64-pc-windows-msvc.zip"
provenance = "github-attestations"
